
Microsoft Visual Studio Solution File, Format Version 12.00
# Visual Studio 15
VisualStudioVersion = 15.0.28010.2050
MinimumVisualStudioVersion = 10.0.40219.1
Project("{FAE04EC0-301F-11D3-BF4B-00C04F79EFBC}") = "EFCoreApp", "EFCoreApp\EFCoreApp.csproj", "{9F30CE80-CC02-43F9-B16D-602FCDB49ADE}"
EndProject
Global
	GlobalSection(SolutionConfigurationPlatforms) = preSolution
		Debug|Any CPU = Debug|Any CPU
		Release|Any CPU = Release|Any CPU
	EndGlobalSection
	GlobalSection(ProjectConfigurationPlatforms) = postSolution
		{9F30CE80-CC02-43F9-B16D-602FCDB49ADE}.Debug|Any CPU.ActiveCfg = Debug|Any CPU
		{9F30CE80-CC02-43F9-B16D-602FCDB49ADE}.Debug|Any CPU.Build.0 = Debug|Any CPU
		{9F30CE80-CC02-43F9-B16D-602FCDB49ADE}.Release|Any CPU.ActiveCfg = Release|Any CPU
		{9F30CE80-CC02-43F9-B16D-602FCDB49ADE}.Release|Any CPU.Build.0 = Release|Any CPU
	EndGlobalSection
	GlobalSection(SolutionProperties) = preSolution
		HideSolutionNode = FALSE
	EndGlobalSection
	GlobalSection(ExtensibilityGlobals) = postSolution
		SolutionGuid = {A9E95B4B-BC5D-4AD1-B4B2-962F35EB3B6F}
	EndGlobalSection
EndGlobal
